
Microsoft Visual Studio Solution File, Format Version 12.00
# Visual Studio Version 17
VisualStudioVersion = 17.11.35327.3
MinimumVisualStudioVersion = 10.0.40219.1
Project("{FAE04EC0-301F-11D3-BF4B-00C04F79EFBC}") = "Collections", "Collections\Collections.csproj", "{2DF5CEE3-27BE-481B-B390-A278A1FFB624}"
EndProject
Global
	GlobalSection(SolutionConfigurationPlatforms) = preSolution
		Debug|Any CPU = Debug|Any CPU
		Release|Any CPU = Release|Any CPU
	EndGlobalSection
	GlobalSection(ProjectConfigurationPlatforms) = postSolution
		{2DF5CEE3-27BE-481B-B390-A278A1FFB624}.Debug|Any CPU.ActiveCfg = Debug|Any CPU
		{2DF5CEE3-27BE-481B-B390-A278A1FFB624}.Debug|Any CPU.Build.0 = Debug|Any CPU
		{2DF5CEE3-27BE-481B-B390-A278A1FFB624}.Release|Any CPU.ActiveCfg = Release|Any CPU
		{2DF5CEE3-27BE-481B-B390-A278A1FFB624}.Release|Any CPU.Build.0 = Release|Any CPU
	EndGlobalSection
	GlobalSection(SolutionProperties) = preSolution
		HideSolutionNode = FALSE
	EndGlobalSection
	GlobalSection(ExtensibilityGlobals) = postSolution
		SolutionGuid = {50EBFDA3-AF28-4739-93DC-AC2E3CB3A3A9}
	EndGlobalSection
EndGlobal
