
Microsoft Visual Studio Solution File, Format Version 12.00
# Visual Studio Version 17
VisualStudioVersion = 17.11.35327.3
MinimumVisualStudioVersion = 10.0.40219.1
Project("{FAE04EC0-301F-11D3-BF4B-00C04F79EFBC}") = "Exceptions", "Exceptions\Exceptions.csproj", "{4FC87CD5-FF05-4E3D-8EDD-6D01B2BB477A}"
EndProject
Global
	GlobalSection(SolutionConfigurationPlatforms) = preSolution
		Debug|Any CPU = Debug|Any CPU
		Release|Any CPU = Release|Any CPU
	EndGlobalSection
	GlobalSection(ProjectConfigurationPlatforms) = postSolution
		{4FC87CD5-FF05-4E3D-8EDD-6D01B2BB477A}.Debug|Any CPU.ActiveCfg = Debug|Any CPU
		{4FC87CD5-FF05-4E3D-8EDD-6D01B2BB477A}.Debug|Any CPU.Build.0 = Debug|Any CPU
		{4FC87CD5-FF05-4E3D-8EDD-6D01B2BB477A}.Release|Any CPU.ActiveCfg = Release|Any CPU
		{4FC87CD5-FF05-4E3D-8EDD-6D01B2BB477A}.Release|Any CPU.Build.0 = Release|Any CPU
	EndGlobalSection
	GlobalSection(SolutionProperties) = preSolution
		HideSolutionNode = FALSE
	EndGlobalSection
	GlobalSection(ExtensibilityGlobals) = postSolution
		SolutionGuid = {A7733D15-9D1F-4639-AFBD-5EAE2D999143}
	EndGlobalSection
EndGlobal
